
Microsoft Visual Studio Solution File, Format Version 12.00
# Visual Studio Version 16
VisualStudioVersion = 16.0.31424.327
MinimumVisualStudioVersion = 10.0.40219.1
Project("{FAE04EC0-301F-11D3-BF4B-00C04F79EFBC}") = "ForkTestOriginal", "ForkTestOriginal\ForkTestOriginal.csproj", "{EB081C6F-2F57-4BD4-9BCB-6BDBC3C3C164}"
EndProject
Global
	GlobalSection(SolutionConfigurationPlatforms) = preSolution
		Debug|Any CPU = Debug|Any CPU
		Release|Any CPU = Release|Any CPU
	EndGlobalSection
	GlobalSection(ProjectConfigurationPlatforms) = postSolution
		{EB081C6F-2F57-4BD4-9BCB-6BDBC3C3C164}.Debug|Any CPU.ActiveCfg = Debug|Any CPU
		{EB081C6F-2F57-4BD4-9BCB-6BDBC3C3C164}.Debug|Any CPU.Build.0 = Debug|Any CPU
		{EB081C6F-2F57-4BD4-9BCB-6BDBC3C3C164}.Release|Any CPU.ActiveCfg = Release|Any CPU
		{EB081C6F-2F57-4BD4-9BCB-6BDBC3C3C164}.Release|Any CPU.Build.0 = Release|Any CPU
	EndGlobalSection
	GlobalSection(SolutionProperties) = preSolution
		HideSolutionNode = FALSE
	EndGlobalSection
	GlobalSection(ExtensibilityGlobals) = postSolution
		SolutionGuid = {FC9020D9-B8D0-425B-86C8-85AFD3CCE226}
	EndGlobalSection
EndGlobal
